// !$*UTF8*$!
{
	archiveVersion = 1;
	classes = {
	};
	objectVersion = 51;
	objects = {

/* Begin PBXBuildFile section */
		4C03EBB4251E296B000C1541 /* AppDelegate.swift in Sources */ = {isa = PBXBuildFile; fileRef = 4C03EBB3251E296B000C1541 /* AppDelegate.swift */; };
		4C03EBB6251E296B000C1541 /* SceneDelegate.swift in Sources */ = {isa = PBXBuildFile; fileRef = 4C03EBB5251E296B000C1541 /* SceneDelegate.swift */; };
		4C03EBB8251E296B000C1541 /* HomeViewController.swift in Sources */ = {isa = PBXBuildFile; fileRef = 4C03EBB7251E296B000C1541 /* HomeViewController.swift */; };
		4C03EBBB251E296B000C1541 /* Main.storyboard in Resources */ = {isa = PBXBuildFile; fileRef = 4C03EBB9251E296B000C1541 /* Main.storyboard */; };
		4C03EBBE251E296B000C1541 /* IGClone.xcdatamodeld in Sources */ = {isa = PBXBuildFile; fileRef = 4C03EBBC251E296B000C1541 /* IGClone.xcdatamodeld */; };
		4C03EBC0251E296C000C1541 /* Assets.xcassets in Resources */ = {isa = PBXBuildFile; fileRef = 4C03EBBF251E296C000C1541 /* Assets.xcassets */; };
		4C03EBC3251E296C000C1541 /* LaunchScreen.storyboard in Resources */ = {isa = PBXBuildFile; fileRef = 4C03EBC1251E296C000C1541 /* LaunchScreen.storyboard */; };
		4C03EBD1251E2D14000C1541 /* ExploreViewController.swift in Sources */ = {isa = PBXBuildFile; fileRef = 4C03EBD0251E2D14000C1541 /* ExploreViewController.swift */; };
		4C03EBD3251E2D38000C1541 /* CameraViewController.swift in Sources */ = {isa = PBXBuildFile; fileRef = 4C03EBD2251E2D38000C1541 /* CameraViewController.swift */; };
		4C03EBD5251E2D66000C1541 /* NotificationViewController.swift in Sources */ = {isa = PBXBuildFile; fileRef = 4C03EBD4251E2D66000C1541 /* NotificationViewController.swift */; };
		4C03EBD7251E2D74000C1541 /* ProfileViewController.swift in Sources */ = {isa = PBXBuildFile; fileRef = 4C03EBD6251E2D74000C1541 /* ProfileViewController.swift */; };
		4C03EBDC251E2E2A000C1541 /* LoginViewController.swift in Sources */ = {isa = PBXBuildFile; fileRef = 4C03EBDB251E2E2A000C1541 /* LoginViewController.swift */; };
		4C03EBDE251E2E45000C1541 /* RegistrationViewController.swift in Sources */ = {isa = PBXBuildFile; fileRef = 4C03EBDD251E2E45000C1541 /* RegistrationViewController.swift */; };
		4C03EBE0251E2E71000C1541 /* PostViewController.swift in Sources */ = {isa = PBXBuildFile; fileRef = 4C03EBDF251E2E71000C1541 /* PostViewController.swift */; };
		4C03EBE2251E2E93000C1541 /* EditProfileViewController.swift in Sources */ = {isa = PBXBuildFile; fileRef = 4C03EBE1251E2E93000C1541 /* EditProfileViewController.swift */; };
		4C03EBE4251E2EAE000C1541 /* SettingsViewController.swift in Sources */ = {isa = PBXBuildFile; fileRef = 4C03EBE3251E2EAE000C1541 /* SettingsViewController.swift */; };
		4C03EBE6251E2EC5000C1541 /* ListViewController.swift in Sources */ = {isa = PBXBuildFile; fileRef = 4C03EBE5251E2EC5000C1541 /* ListViewController.swift */; };
		4C03EBE8251E2EDC000C1541 /* SearchViewController.swift in Sources */ = {isa = PBXBuildFile; fileRef = 4C03EBE7251E2EDC000C1541 /* SearchViewController.swift */; };
		4C03EBEA251E2EEB000C1541 /* SearchResultViewController.swift in Sources */ = {isa = PBXBuildFile; fileRef = 4C03EBE9251E2EEB000C1541 /* SearchResultViewController.swift */; };
		4C03EBEC251E2F2E000C1541 /* PostEditorViewController.swift in Sources */ = {isa = PBXBuildFile; fileRef = 4C03EBEB251E2F2E000C1541 /* PostEditorViewController.swift */; };
		4C03EBEE251E2F45000C1541 /* PublishPostViewController.swift in Sources */ = {isa = PBXBuildFile; fileRef = 4C03EBED251E2F45000C1541 /* PublishPostViewController.swift */; };
		4C3E2519251F771F00C73E5A /* DatabaseManager.swift in Sources */ = {isa = PBXBuildFile; fileRef = 4C3E2518251F771F00C73E5A /* DatabaseManager.swift */; };
		4C3E251B251F780F00C73E5A /* AuthManager.swift in Sources */ = {isa = PBXBuildFile; fileRef = 4C3E251A251F780F00C73E5A /* AuthManager.swift */; };
		4C3E251D251F785A00C73E5A /* StorageManager.swift in Sources */ = {isa = PBXBuildFile; fileRef = 4C3E251C251F785A00C73E5A /* StorageManager.swift */; };
		4C3E58622520B95400714618 /* Extensions.swift in Sources */ = {isa = PBXBuildFile; fileRef = 4C3E58612520B95400714618 /* Extensions.swift */; };
		4C852D7F2541BE5A00D9E611 /* UserFollowTableViewCell.swift in Sources */ = {isa = PBXBuildFile; fileRef = 4C852D7E2541BE5A00D9E611 /* UserFollowTableViewCell.swift */; };
		4C992F3F253889C7001196B7 /* IGFeedPostTableViewCell.swift in Sources */ = {isa = PBXBuildFile; fileRef = 4C992F3E253889C7001196B7 /* IGFeedPostTableViewCell.swift */; };
		4C992F4225388C20001196B7 /* IGFeedPostHeaderTableViewCell.swift in Sources */ = {isa = PBXBuildFile; fileRef = 4C992F4125388C20001196B7 /* IGFeedPostHeaderTableViewCell.swift */; };
		4C992F4425388C49001196B7 /* IGFeedPostActionsTableViewCell.swift in Sources */ = {isa = PBXBuildFile; fileRef = 4C992F4325388C49001196B7 /* IGFeedPostActionsTableViewCell.swift */; };
		4C992F4625388C77001196B7 /* IGFeedPostGeneralTableViewCell.swift in Sources */ = {isa = PBXBuildFile; fileRef = 4C992F4525388C77001196B7 /* IGFeedPostGeneralTableViewCell.swift */; };
		4CA13B7C25431A2400952685 /* NoNotificationsView.swift in Sources */ = {isa = PBXBuildFile; fileRef = 4CA13B7B25431A2400952685 /* NoNotificationsView.swift */; };
		4CA13B7F2543221F00952685 /* NotificationsFollowEventTableViewCell.swift in Sources */ = {isa = PBXBuildFile; fileRef = 4CA13B7E2543221F00952685 /* NotificationsFollowEventTableViewCell.swift */; };
		4CA13B812543223A00952685 /* NotificationsLikeEventTableViewCell.swift in Sources */ = {isa = PBXBuildFile; fileRef = 4CA13B802543223A00952685 /* NotificationsLikeEventTableViewCell.swift */; };
		4CDBB42C251F6E8C00D12DF6 /* GoogleService-Info.plist in Resources */ = {isa = PBXBuildFile; fileRef = 4CDBB42B251F6E8C00D12DF6 /* GoogleService-Info.plist */; };
		4CEC6A4C253C76A400D38887 /* FormTableViewCell.swift in Sources */ = {isa = PBXBuildFile; fileRef = 4CEC6A4B253C76A400D38887 /* FormTableViewCell.swift */; };
		4CEC6A4F253D47F000D38887 /* PhotoCollectionViewCell.swift in Sources */ = {isa = PBXBuildFile; fileRef = 4CEC6A4E253D47F000D38887 /* PhotoCollectionViewCell.swift */; };
		4CEC6A51253D490600D38887 /* ProfileInfoHeaderCollectionReusableView.swift in Sources */ = {isa = PBXBuildFile; fileRef = 4CEC6A50253D490600D38887 /* ProfileInfoHeaderCollectionReusableView.swift */; };
		4CEC6A53253D494100D38887 /* ProfileTabsCollectionReusableView.swift in Sources */ = {isa = PBXBuildFile; fileRef = 4CEC6A52253D494100D38887 /* ProfileTabsCollectionReusableView.swift */; };
		4CF15712253DC4AE002628A1 /* Models.swift in Sources */ = {isa = PBXBuildFile; fileRef = 4CF15711253DC4AE002628A1 /* Models.swift */; };
		B2F5BDFEC333D35AA23B6C2D /* Pods_IGClone.framework in Frameworks */ = {isa = PBXBuildFile; fileRef = 77ACCB1F70E37CA91BB72CC6 /* Pods_IGClone.framework */; };
/* End PBXBuildFile section */

/* Begin PBXFileReference section */
		4C03EBB0251E296B000C1541 /* IGClone.app */ = {isa = PBXFileReference; explicitFileType = wrapper.application; includeInIndex = 0; path = IGClone.app; sourceTree = BUILT_PRODUCTS_DIR; };
		4C03EBB3251E296B000C1541 /* AppDelegate.swift */ = {isa = PBXFileReference; lastKnownFileType = sourcecode.swift; path = AppDelegate.swift; sourceTree = "<group>"; };
		4C03EBB5251E296B000C1541 /* SceneDelegate.swift */ = {isa = PBXFileReference; lastKnownFileType = sourcecode.swift; path = SceneDelegate.swift; sourceTree = "<group>"; };
		4C03EBB7251E296B000C1541 /* HomeViewController.swift */ = {isa = PBXFileReference; lastKnownFileType = sourcecode.swift; path = HomeViewController.swift; sourceTree = "<group>"; };
		4C03EBBA251E296B000C1541 /* Base */ = {isa = PBXFileReference; lastKnownFileType = file.storyboard; name = Base; path = Base.lproj/Main.storyboard; sourceTree = "<group>"; };
		4C03EBBD251E296B000C1541 /* IGClone.xcdatamodel */ = {isa = PBXFileReference; lastKnownFileType = wrapper.xcdatamodel; path = IGClone.xcdatamodel; sourceTree = "<group>"; };
		4C03EBBF251E296C000C1541 /* Assets.xcassets */ = {isa = PBXFileReference; lastKnownFileType = folder.assetcatalog; path = Assets.xcassets; sourceTree = "<group>"; };
		4C03EBC2251E296C000C1541 /* Base */ = {isa = PBXFileReference; lastKnownFileType = file.storyboard; name = Base; path = Base.lproj/LaunchScreen.storyboard; sourceTree = "<group>"; };
		4C03EBC4251E296C000C1541 /* Info.plist */ = {isa = PBXFileReference; lastKnownFileType = text.plist.xml; path = Info.plist; sourceTree = "<group>"; };
		4C03EBD0251E2D14000C1541 /* ExploreViewController.swift */ = {isa = PBXFileReference; lastKnownFileType = sourcecode.swift; path = ExploreViewController.swift; sourceTree = "<group>"; };
		4C03EBD2251E2D38000C1541 /* CameraViewController.swift */ = {isa = PBXFileReference; lastKnownFileType = sourcecode.swift; path = CameraViewController.swift; sourceTree = "<group>"; };
		4C03EBD4251E2D66000C1541 /* NotificationViewController.swift */ = {isa = PBXFileReference; lastKnownFileType = sourcecode.swift; path = NotificationViewController.swift; sourceTree = "<group>"; };
		4C03EBD6251E2D74000C1541 /* ProfileViewController.swift */ = {isa = PBXFileReference; lastKnownFileType = sourcecode.swift; path = ProfileViewController.swift; sourceTree = "<group>"; };
		4C03EBDB251E2E2A000C1541 /* LoginViewController.swift */ = {isa = PBXFileReference; lastKnownFileType = sourcecode.swift; path = LoginViewController.swift; sourceTree = "<group>"; };
		4C03EBDD251E2E45000C1541 /* RegistrationViewController.swift */ = {isa = PBXFileReference; lastKnownFileType = sourcecode.swift; path = RegistrationViewController.swift; sourceTree = "<group>"; };
		4C03EBDF251E2E71000C1541 /* PostViewController.swift */ = {isa = PBXFileReference; lastKnownFileType = sourcecode.swift; path = PostViewController.swift; sourceTree = "<group>"; };
		4C03EBE1251E2E93000C1541 /* EditProfileViewController.swift */ = {isa = PBXFileReference; lastKnownFileType = sourcecode.swift; path = EditProfileViewController.swift; sourceTree = "<group>"; };
		4C03EBE3251E2EAE000C1541 /* SettingsViewController.swift */ = {isa = PBXFileReference; lastKnownFileType = sourcecode.swift; path = SettingsViewController.swift; sourceTree = "<group>"; };
		4C03EBE5251E2EC5000C1541 /* ListViewController.swift */ = {isa = PBXFileReference; lastKnownFileType = sourcecode.swift; path = ListViewController.swift; sourceTree = "<group>"; };
		4C03EBE7251E2EDC000C1541 /* SearchViewController.swift */ = {isa = PBXFileReference; lastKnownFileType = sourcecode.swift; path = SearchViewController.swift; sourceTree = "<group>"; };
		4C03EBE9251E2EEB000C1541 /* SearchResultViewController.swift */ = {isa = PBXFileReference; lastKnownFileType = sourcecode.swift; path = SearchResultViewController.swift; sourceTree = "<group>"; };
		4C03EBEB251E2F2E000C1541 /* PostEditorViewController.swift */ = {isa = PBXFileReference; lastKnownFileType = sourcecode.swift; path = PostEditorViewController.swift; sourceTree = "<group>"; };
		4C03EBED251E2F45000C1541 /* PublishPostViewController.swift */ = {isa = PBXFileReference; lastKnownFileType = sourcecode.swift; path = PublishPostViewController.swift; sourceTree = "<group>"; };
		4C3E2518251F771F00C73E5A /* DatabaseManager.swift */ = {isa = PBXFileReference; lastKnownFileType = sourcecode.swift; path = DatabaseManager.swift; sourceTree = "<group>"; };
		4C3E251A251F780F00C73E5A /* AuthManager.swift */ = {isa = PBXFileReference; lastKnownFileType = sourcecode.swift; path = AuthManager.swift; sourceTree = "<group>"; };
		4C3E251C251F785A00C73E5A /* StorageManager.swift */ = {isa = PBXFileReference; lastKnownFileType = sourcecode.swift; path = StorageManager.swift; sourceTree = "<group>"; };
		4C3E58612520B95400714618 /* Extensions.swift */ = {isa = PBXFileReference; lastKnownFileType = sourcecode.swift; path = Extensions.swift; sourceTree = "<group>"; };
		4C852D7E2541BE5A00D9E611 /* UserFollowTableViewCell.swift */ = {isa = PBXFileReference; lastKnownFileType = sourcecode.swift; path = UserFollowTableViewCell.swift; sourceTree = "<group>"; };
		4C992F3E253889C7001196B7 /* IGFeedPostTableViewCell.swift */ = {isa = PBXFileReference; lastKnownFileType = sourcecode.swift; path = IGFeedPostTableViewCell.swift; sourceTree = "<group>"; };
		4C992F4125388C20001196B7 /* IGFeedPostHeaderTableViewCell.swift */ = {isa = PBXFileReference; lastKnownFileType = sourcecode.swift; path = IGFeedPostHeaderTableViewCell.swift; sourceTree = "<group>"; };
		4C992F4325388C49001196B7 /* IGFeedPostActionsTableViewCell.swift */ = {isa = PBXFileReference; lastKnownFileType = sourcecode.swift; path = IGFeedPostActionsTableViewCell.swift; sourceTree = "<group>"; };
		4C992F4525388C77001196B7 /* IGFeedPostGeneralTableViewCell.swift */ = {isa = PBXFileReference; lastKnownFileType = sourcecode.swift; path = IGFeedPostGeneralTableViewCell.swift; sourceTree = "<group>"; };
		4CA13B7B25431A2400952685 /* NoNotificationsView.swift */ = {isa = PBXFileReference; lastKnownFileType = sourcecode.swift; path = NoNotificationsView.swift; sourceTree = "<group>"; };
		4CA13B7E2543221F00952685 /* NotificationsFollowEventTableViewCell.swift */ = {isa = PBXFileReference; lastKnownFileType = sourcecode.swift; path = NotificationsFollowEventTableViewCell.swift; sourceTree = "<group>"; };
		4CA13B802543223A00952685 /* NotificationsLikeEventTableViewCell.swift */ = {isa = PBXFileReference; lastKnownFileType = sourcecode.swift; path = NotificationsLikeEventTableViewCell.swift; sourceTree = "<group>"; };
		4CDBB42B251F6E8C00D12DF6 /* GoogleService-Info.plist */ = {isa = PBXFileReference; fileEncoding = 4; lastKnownFileType = text.plist.xml; path = "GoogleService-Info.plist"; sourceTree = "<group>"; };
		4CEC6A4B253C76A400D38887 /* FormTableViewCell.swift */ = {isa = PBXFileReference; lastKnownFileType = sourcecode.swift; path = FormTableViewCell.swift; sourceTree = "<group>"; };
		4CEC6A4E253D47F000D38887 /* PhotoCollectionViewCell.swift */ = {isa = PBXFileReference; lastKnownFileType = sourcecode.swift; path = PhotoCollectionViewCell.swift; sourceTree = "<group>"; };
		4CEC6A50253D490600D38887 /* ProfileInfoHeaderCollectionReusableView.swift */ = {isa = PBXFileReference; lastKnownFileType = sourcecode.swift; path = ProfileInfoHeaderCollectionReusableView.swift; sourceTree = "<group>"; };
		4CEC6A52253D494100D38887 /* ProfileTabsCollectionReusableView.swift */ = {isa = PBXFileReference; lastKnownFileType = sourcecode.swift; path = ProfileTabsCollectionReusableView.swift; sourceTree = "<group>"; };
		4CF15711253DC4AE002628A1 /* Models.swift */ = {isa = PBXFileReference; lastKnownFileType = sourcecode.swift; path = Models.swift; sourceTree = "<group>"; };
		77ACCB1F70E37CA91BB72CC6 /* Pods_IGClone.framework */ = {isa = PBXFileReference; explicitFileType = wrapper.framework; includeInIndex = 0; path = Pods_IGClone.framework; sourceTree = BUILT_PRODUCTS_DIR; };
		9BA64D81D57BB28502E29D11 /* Pods-IGClone.release.xcconfig */ = {isa = PBXFileReference; includeInIndex = 1; lastKnownFileType = text.xcconfig; name = "Pods-IGClone.release.xcconfig"; path = "Target Support Files/Pods-IGClone/Pods-IGClone.release.xcconfig"; sourceTree = "<group>"; };
		F86B5E89ABBD81C2F8C69E8B /* Pods-IGClone.debug.xcconfig */ = {isa = PBXFileReference; includeInIndex = 1; lastKnownFileType = text.xcconfig; name = "Pods-IGClone.debug.xcconfig"; path = "Target Support Files/Pods-IGClone/Pods-IGClone.debug.xcconfig"; sourceTree = "<group>"; };
/* End PBXFileReference section */

/* Begin PBXFrameworksBuildPhase section */
		4C03EBAD251E296B000C1541 /* Frameworks */ = {
			isa = PBXFrameworksBuildPhase;
			buildActionMask = 2147483647;
			files = (
				B2F5BDFEC333D35AA23B6C2D /* Pods_IGClone.framework in Frameworks */,
			);
			runOnlyForDeploymentPostprocessing = 0;
		};
/* End PBXFrameworksBuildPhase section */

/* Begin PBXGroup section */
		4C03EBA7251E296B000C1541 = {
			isa = PBXGroup;
			children = (
				4C03EBB2251E296B000C1541 /* IGClone */,
				4C03EBB1251E296B000C1541 /* Products */,
				74BC3C2211D86781B8BD2E3A /* Pods */,
				55A124DD4776639ADF45346B /* Frameworks */,
			);
			sourceTree = "<group>";
		};
		4C03EBB1251E296B000C1541 /* Products */ = {
			isa = PBXGroup;
			children = (
				4C03EBB0251E296B000C1541 /* IGClone.app */,
			);
			name = Products;
			sourceTree = "<group>";
		};
		4C03EBB2251E296B000C1541 /* IGClone */ = {
			isa = PBXGroup;
			children = (
				4C03EBCC251E2B30000C1541 /* Resources */,
				4C03EBCE251E2B67000C1541 /* Controllers */,
				4C03EBCB251E2B25000C1541 /* Models */,
				4C03EBCA251E2B12000C1541 /* Views */,
				4C03EBBC251E296B000C1541 /* IGClone.xcdatamodeld */,
			);
			path = IGClone;
			sourceTree = "<group>";
		};
		4C03EBCA251E2B12000C1541 /* Views */ = {
			isa = PBXGroup;
			children = (
				4CEC6A4D253D47A600D38887 /* CollectionViewHeaders */,
				4C992F3D25388995001196B7 /* Cells */,
				4C03EBBF251E296C000C1541 /* Assets.xcassets */,
				4C03EBCF251E2BA6000C1541 /* Storyboards */,
				4CA13B7B25431A2400952685 /* NoNotificationsView.swift */,
			);
			path = Views;
			sourceTree = "<group>";
		};
		4C03EBCB251E2B25000C1541 /* Models */ = {
			isa = PBXGroup;
			children = (
				4CF15711253DC4AE002628A1 /* Models.swift */,
			);
			path = Models;
			sourceTree = "<group>";
		};
		4C03EBCC251E2B30000C1541 /* Resources */ = {
			isa = PBXGroup;
			children = (
				4CDBB42B251F6E8C00D12DF6 /* GoogleService-Info.plist */,
				4C03EBC4251E296C000C1541 /* Info.plist */,
				4C03EBB5251E296B000C1541 /* SceneDelegate.swift */,
				4C03EBB3251E296B000C1541 /* AppDelegate.swift */,
				4C3E2518251F771F00C73E5A /* DatabaseManager.swift */,
				4C3E251A251F780F00C73E5A /* AuthManager.swift */,
				4C3E251C251F785A00C73E5A /* StorageManager.swift */,
				4C3E58612520B95400714618 /* Extensions.swift */,
			);
			path = Resources;
			sourceTree = "<group>";
		};
		4C03EBCE251E2B67000C1541 /* Controllers */ = {
			isa = PBXGroup;
			children = (
				4C03EBD9251E2DF7000C1541 /* Other */,
				4C03EBD8251E2D81000C1541 /* Core Tabs */,
			);
			path = Controllers;
			sourceTree = "<group>";
		};
		4C03EBCF251E2BA6000C1541 /* Storyboards */ = {
			isa = PBXGroup;
			children = (
				4C03EBB9251E296B000C1541 /* Main.storyboard */,
				4C03EBC1251E296C000C1541 /* LaunchScreen.storyboard */,
			);
			path = Storyboards;
			sourceTree = "<group>";
		};
		4C03EBD8251E2D81000C1541 /* Core Tabs */ = {
			isa = PBXGroup;
			children = (
				4C03EBB7251E296B000C1541 /* HomeViewController.swift */,
				4C03EBD0251E2D14000C1541 /* ExploreViewController.swift */,
				4C03EBD2251E2D38000C1541 /* CameraViewController.swift */,
				4C03EBD4251E2D66000C1541 /* NotificationViewController.swift */,
				4C03EBD6251E2D74000C1541 /* ProfileViewController.swift */,
			);
			path = "Core Tabs";
			sourceTree = "<group>";
		};
		4C03EBD9251E2DF7000C1541 /* Other */ = {
			isa = PBXGroup;
			children = (
				4C03EBDA251E2E05000C1541 /* Onboarding */,
				4C3E2517251F763300C73E5A /* General */,
			);
			path = Other;
			sourceTree = "<group>";
		};
		4C03EBDA251E2E05000C1541 /* Onboarding */ = {
			isa = PBXGroup;
			children = (
				4C03EBDB251E2E2A000C1541 /* LoginViewController.swift */,
				4C03EBDD251E2E45000C1541 /* RegistrationViewController.swift */,
			);
			path = Onboarding;
			sourceTree = "<group>";
		};
		4C3E2517251F763300C73E5A /* General */ = {
			isa = PBXGroup;
			children = (
				4C03EBE3251E2EAE000C1541 /* SettingsViewController.swift */,
				4C03EBDF251E2E71000C1541 /* PostViewController.swift */,
				4C03EBE1251E2E93000C1541 /* EditProfileViewController.swift */,
				4C03EBE5251E2EC5000C1541 /* ListViewController.swift */,
				4C03EBE7251E2EDC000C1541 /* SearchViewController.swift */,
				4C03EBE9251E2EEB000C1541 /* SearchResultViewController.swift */,
				4C03EBEB251E2F2E000C1541 /* PostEditorViewController.swift */,
				4C03EBED251E2F45000C1541 /* PublishPostViewController.swift */,
			);
			path = General;
			sourceTree = "<group>";
		};
		4C992F3D25388995001196B7 /* Cells */ = {
			isa = PBXGroup;
			children = (
				4CA13B7D254321EC00952685 /* Notifications */,
				4C992F4025388BF6001196B7 /* HomeFeed & Posts */,
				4CEC6A4B253C76A400D38887 /* FormTableViewCell.swift */,
				4CEC6A4E253D47F000D38887 /* PhotoCollectionViewCell.swift */,
				4C852D7E2541BE5A00D9E611 /* UserFollowTableViewCell.swift */,
			);
			path = Cells;
			sourceTree = "<group>";
		};
		4C992F4025388BF6001196B7 /* HomeFeed & Posts */ = {
			isa = PBXGroup;
			children = (
				4C992F4125388C20001196B7 /* IGFeedPostHeaderTableViewCell.swift */,
				4C992F3E253889C7001196B7 /* IGFeedPostTableViewCell.swift */,
				4C992F4325388C49001196B7 /* IGFeedPostActionsTableViewCell.swift */,
				4C992F4525388C77001196B7 /* IGFeedPostGeneralTableViewCell.swift */,
			);
			path = "HomeFeed & Posts";
			sourceTree = "<group>";
		};
		4CA13B7D254321EC00952685 /* Notifications */ = {
			isa = PBXGroup;
			children = (
				4CA13B7E2543221F00952685 /* NotificationsFollowEventTableViewCell.swift */,
				4CA13B802543223A00952685 /* NotificationsLikeEventTableViewCell.swift */,
			);
			path = Notifications;
			sourceTree = "<group>";
		};
		4CEC6A4D253D47A600D38887 /* CollectionViewHeaders */ = {
			isa = PBXGroup;
			children = (
				4CEC6A50253D490600D38887 /* ProfileInfoHeaderCollectionReusableView.swift */,
				4CEC6A52253D494100D38887 /* ProfileTabsCollectionReusableView.swift */,
			);
			path = CollectionViewHeaders;
			sourceTree = "<group>";
		};
		55A124DD4776639ADF45346B /* Frameworks */ = {
			isa = PBXGroup;
			children = (
				77ACCB1F70E37CA91BB72CC6 /* Pods_IGClone.framework */,
			);
			name = Frameworks;
			sourceTree = "<group>";
		};
		74BC3C2211D86781B8BD2E3A /* Pods */ = {
			isa = PBXGroup;
			children = (
				F86B5E89ABBD81C2F8C69E8B /* Pods-IGClone.debug.xcconfig */,
				9BA64D81D57BB28502E29D11 /* Pods-IGClone.release.xcconfig */,
			);
			path = Pods;
			sourceTree = "<group>";
		};
/* End PBXGroup section */

/* Begin PBXNativeTarget section */
		4C03EBAF251E296B000C1541 /* IGClone */ = {
			isa = PBXNativeTarget;
			buildConfigurationList = 4C03EBC7251E296C000C1541 /* Build configuration list for PBXNativeTarget "IGClone" */;
			buildPhases = (
				7EB921DC2EB61045EE1E57B5 /* [CP] Check Pods Manifest.lock */,
				4C03EBAC251E296B000C1541 /* Sources */,
				4C03EBAD251E296B000C1541 /* Frameworks */,
				4C03EBAE251E296B000C1541 /* Resources */,
				9FC44A1F039D48664D0A90CC /* [CP] Embed Pods Frameworks */,
			);
			buildRules = (
			);
			dependencies = (
			);
			name = IGClone;
			productName = IGClone;
			productReference = 4C03EBB0251E296B000C1541 /* IGClone.app */;
			productType = "com.apple.product-type.application";
		};
/* End PBXNativeTarget section */

/* Begin PBXProject section */
		4C03EBA8251E296B000C1541 /* Project object */ = {
			isa = PBXProject;
			attributes = {
				LastSwiftUpdateCheck = 1170;
				LastUpgradeCheck = 1170;
				ORGANIZATIONNAME = "Prachi Modi";
				TargetAttributes = {
					4C03EBAF251E296B000C1541 = {
						CreatedOnToolsVersion = 11.7;
					};
				};
			};
			buildConfigurationList = 4C03EBAB251E296B000C1541 /* Build configuration list for PBXProject "IGClone" */;
			compatibilityVersion = "Xcode 9.3";
			developmentRegion = en;
			hasScannedForEncodings = 0;
			knownRegions = (
				en,
				Base,
			);
			mainGroup = 4C03EBA7251E296B000C1541;
			productRefGroup = 4C03EBB1251E296B000C1541 /* Products */;
			projectDirPath = "";
			projectRoot = "";
			targets = (
				4C03EBAF251E296B000C1541 /* IGClone */,
			);
		};
/* End PBXProject section */

/* Begin PBXResourcesBuildPhase section */
		4C03EBAE251E296B000C1541 /* Resources */ = {
			isa = PBXResourcesBuildPhase;
			buildActionMask = 2147483647;
			files = (
				4C03EBC3251E296C000C1541 /* LaunchScreen.storyboard in Resources */,
				4C03EBC0251E296C000C1541 /* Assets.xcassets in Resources */,
				4CDBB42C251F6E8C00D12DF6 /* GoogleService-Info.plist in Resources */,
				4C03EBBB251E296B000C1541 /* Main.storyboard in Resources */,
			);
			runOnlyForDeploymentPostprocessing = 0;
		};
/* End PBXResourcesBuildPhase section */

/* Begin PBXShellScriptBuildPhase section */
		7EB921DC2EB61045EE1E57B5 /* [CP] Check Pods Manifest.lock */ = {
			isa = PBXShellScriptBuildPhase;
			buildActionMask = 2147483647;
			files = (
			);
			inputFileListPaths = (
			);
			inputPaths = (
				"${PODS_PODFILE_DIR_PATH}/Podfile.lock",
				"${PODS_ROOT}/Manifest.lock",
			);
			name = "[CP] Check Pods Manifest.lock";
			outputFileListPaths = (
			);
			outputPaths = (
				"$(DERIVED_FILE_DIR)/Pods-IGClone-checkManifestLockResult.txt",
			);
			runOnlyForDeploymentPostprocessing = 0;
			shellPath = /bin/sh;
			shellScript = "diff \"${PODS_PODFILE_DIR_PATH}/Podfile.lock\" \"${PODS_ROOT}/Manifest.lock\" > /dev/null\nif [ $? != 0 ] ; then\n    # print error to STDERR\n    echo \"error: The sandbox is not in sync with the Podfile.lock. Run 'pod install' or update your CocoaPods installation.\" >&2\n    exit 1\nfi\n# This output is used by Xcode 'outputs' to avoid re-running this script phase.\necho \"SUCCESS\" > \"${SCRIPT_OUTPUT_FILE_0}\"\n";
			showEnvVarsInLog = 0;
		};
		9FC44A1F039D48664D0A90CC /* [CP] Embed Pods Frameworks */ = {
			isa = PBXShellScriptBuildPhase;
			buildActionMask = 2147483647;
			files = (
			);
			inputFileListPaths = (
				"${PODS_ROOT}/Target Support Files/Pods-IGClone/Pods-IGClone-frameworks-${CONFIGURATION}-input-files.xcfilelist",
			);
			name = "[CP] Embed Pods Frameworks";
			outputFileListPaths = (
				"${PODS_ROOT}/Target Support Files/Pods-IGClone/Pods-IGClone-frameworks-${CONFIGURATION}-output-files.xcfilelist",
			);
			runOnlyForDeploymentPostprocessing = 0;
			shellPath = /bin/sh;
			shellScript = "\"${PODS_ROOT}/Target Support Files/Pods-IGClone/Pods-IGClone-frameworks.sh\"\n";
			showEnvVarsInLog = 0;
		};
/* End PBXShellScriptBuildPhase section */

/* Begin PBXSourcesBuildPhase section */
		4C03EBAC251E296B000C1541 /* Sources */ = {
			isa = PBXSourcesBuildPhase;
			buildActionMask = 2147483647;
			files = (
				4C03EBE8251E2EDC000C1541 /* SearchViewController.swift in Sources */,
				4C03EBDC251E2E2A000C1541 /* LoginViewController.swift in Sources */,
				4CA13B7F2543221F00952685 /* NotificationsFollowEventTableViewCell.swift in Sources */,
				4C03EBB8251E296B000C1541 /* HomeViewController.swift in Sources */,
				4C3E251D251F785A00C73E5A /* StorageManager.swift in Sources */,
				4C992F4225388C20001196B7 /* IGFeedPostHeaderTableViewCell.swift in Sources */,
				4C03EBBE251E296B000C1541 /* IGClone.xcdatamodeld in Sources */,
				4C03EBEC251E2F2E000C1541 /* PostEditorViewController.swift in Sources */,
				4C03EBD1251E2D14000C1541 /* ExploreViewController.swift in Sources */,
				4C992F4625388C77001196B7 /* IGFeedPostGeneralTableViewCell.swift in Sources */,
				4C03EBDE251E2E45000C1541 /* RegistrationViewController.swift in Sources */,
				4CEC6A4C253C76A400D38887 /* FormTableViewCell.swift in Sources */,
				4CA13B7C25431A2400952685 /* NoNotificationsView.swift in Sources */,
				4C992F3F253889C7001196B7 /* IGFeedPostTableViewCell.swift in Sources */,
				4C03EBD5251E2D66000C1541 /* NotificationViewController.swift in Sources */,
				4C852D7F2541BE5A00D9E611 /* UserFollowTableViewCell.swift in Sources */,
				4C3E58622520B95400714618 /* Extensions.swift in Sources */,
				4C03EBE6251E2EC5000C1541 /* ListViewController.swift in Sources */,
				4CEC6A51253D490600D38887 /* ProfileInfoHeaderCollectionReusableView.swift in Sources */,
				4C3E251B251F780F00C73E5A /* AuthManager.swift in Sources */,
				4C03EBB4251E296B000C1541 /* AppDelegate.swift in Sources */,
				4C03EBEE251E2F45000C1541 /* PublishPostViewController.swift in Sources */,
				4CEC6A53253D494100D38887 /* ProfileTabsCollectionReusableView.swift in Sources */,
				4C03EBB6251E296B000C1541 /* SceneDelegate.swift in Sources */,
				4C03EBE2251E2E93000C1541 /* EditProfileViewController.swift in Sources */,
				4C03EBD7251E2D74000C1541 /* ProfileViewController.swift in Sources */,
				4C3E2519251F771F00C73E5A /* DatabaseManager.swift in Sources */,
				4CF15712253DC4AE002628A1 /* Models.swift in Sources */,
				4C03EBE4251E2EAE000C1541 /* SettingsViewController.swift in Sources */,
				4C03EBD3251E2D38000C1541 /* CameraViewController.swift in Sources */,
				4C992F4425388C49001196B7 /* IGFeedPostActionsTableViewCell.swift in Sources */,
				4CA13B812543223A00952685 /* NotificationsLikeEventTableViewCell.swift in Sources */,
				4CEC6A4F253D47F000D38887 /* PhotoCollectionViewCell.swift in Sources */,
				4C03EBEA251E2EEB000C1541 /* SearchResultViewController.swift in Sources */,
				4C03EBE0251E2E71000C1541 /* PostViewController.swift in Sources */,
			);
			runOnlyForDeploymentPostprocessing = 0;
		};
/* End PBXSourcesBuildPhase section */

/* Begin PBXVariantGroup section */
		4C03EBB9251E296B000C1541 /* Main.storyboard */ = {
			isa = PBXVariantGroup;
			children = (
				4C03EBBA251E296B000C1541 /* Base */,
			);
			name = Main.storyboard;
			sourceTree = "<group>";
		};
		4C03EBC1251E296C000C1541 /* LaunchScreen.storyboard */ = {
			isa = PBXVariantGroup;
			children = (
				4C03EBC2251E296C000C1541 /* Base */,
			);
			name = LaunchScreen.storyboard;
			sourceTree = "<group>";
		};
/* End PBXVariantGroup section */

/* Begin XCBuildConfiguration section */
		4C03EBC5251E296C000C1541 /* Debug */ = {
			isa = XCBuildConfiguration;
			buildSettings = {
				ALWAYS_SEARCH_USER_PATHS = NO;
				CLANG_ANALYZER_NONNULL = YES;
				CLANG_ANALYZER_NUMBER_OBJECT_CONVERSION = YES_AGGRESSIVE;
				CLANG_CXX_LANGUAGE_STANDARD = "gnu++14";
				CLANG_CXX_LIBRARY = "libc++";
				CLANG_ENABLE_MODULES = YES;
				CLANG_ENABLE_OBJC_ARC = YES;
				CLANG_ENABLE_OBJC_WEAK = YES;
				CLANG_WARN_BLOCK_CAPTURE_AUTORELEASING = YES;
				CLANG_WARN_BOOL_CONVERSION = YES;
				CLANG_WARN_COMMA = YES;
				CLANG_WARN_CONSTANT_CONVERSION = YES;
				CLANG_WARN_DEPRECATED_OBJC_IMPLEMENTATIONS = YES;
				CLANG_WARN_DIRECT_OBJC_ISA_USAGE = YES_ERROR;
				CLANG_WARN_DOCUMENTATION_COMMENTS = YES;
				CLANG_WARN_EMPTY_BODY = YES;
				CLANG_WARN_ENUM_CONVERSION = YES;
				CLANG_WARN_INFINITE_RECURSION = YES;
				CLANG_WARN_INT_CONVERSION = YES;
				CLANG_WARN_NON_LITERAL_NULL_CONVERSION = YES;
				CLANG_WARN_OBJC_IMPLICIT_RETAIN_SELF = YES;
				CLANG_WARN_OBJC_LITERAL_CONVERSION = YES;
				CLANG_WARN_OBJC_ROOT_CLASS = YES_ERROR;
				CLANG_WARN_RANGE_LOOP_ANALYSIS = YES;
				CLANG_WARN_STRICT_PROTOTYPES = YES;
				CLANG_WARN_SUSPICIOUS_MOVE = YES;
				CLANG_WARN_UNGUARDED_AVAILABILITY = YES_AGGRESSIVE;
				CLANG_WARN_UNREACHABLE_CODE = YES;
				CLANG_WARN__DUPLICATE_METHOD_MATCH = YES;
				COPY_PHASE_STRIP = NO;
				DEBUG_INFORMATION_FORMAT = dwarf;
				ENABLE_STRICT_OBJC_MSGSEND = YES;
				ENABLE_TESTABILITY = YES;
				GCC_C_LANGUAGE_STANDARD = gnu11;
				GCC_DYNAMIC_NO_PIC = NO;
				GCC_NO_COMMON_BLOCKS = YES;
				GCC_OPTIMIZATION_LEVEL = 0;
				GCC_PREPROCESSOR_DEFINITIONS = (
					"DEBUG=1",
					"$(inherited)",
				);
				GCC_WARN_64_TO_32_BIT_CONVERSION = YES;
				GCC_WARN_ABOUT_RETURN_TYPE = YES_ERROR;
				GCC_WARN_UNDECLARED_SELECTOR = YES;
				GCC_WARN_UNINITIALIZED_AUTOS = YES_AGGRESSIVE;
				GCC_WARN_UNUSED_FUNCTION = YES;
				GCC_WARN_UNUSED_VARIABLE = YES;
				IPHONEOS_DEPLOYMENT_TARGET = 13.7;
				MTL_ENABLE_DEBUG_INFO = INCLUDE_SOURCE;
				MTL_FAST_MATH = YES;
				ONLY_ACTIVE_ARCH = YES;
				SDKROOT = iphoneos;
				SWIFT_ACTIVE_COMPILATION_CONDITIONS = DEBUG;
				SWIFT_OPTIMIZATION_LEVEL = "-Onone";
			};
			name = Debug;
		};
		4C03EBC6251E296C000C1541 /* Release */ = {
			isa = XCBuildConfiguration;
			buildSettings = {
				ALWAYS_SEARCH_USER_PATHS = NO;
				CLANG_ANALYZER_NONNULL = YES;
				CLANG_ANALYZER_NUMBER_OBJECT_CONVERSION = YES_AGGRESSIVE;
				CLANG_CXX_LANGUAGE_STANDARD = "gnu++14";
				CLANG_CXX_LIBRARY = "libc++";
				CLANG_ENABLE_MODULES = YES;
				CLANG_ENABLE_OBJC_ARC = YES;
				CLANG_ENABLE_OBJC_WEAK = YES;
				CLANG_WARN_BLOCK_CAPTURE_AUTORELEASING = YES;
				CLANG_WARN_BOOL_CONVERSION = YES;
				CLANG_WARN_COMMA = YES;
				CLANG_WARN_CONSTANT_CONVERSION = YES;
				CLANG_WARN_DEPRECATED_OBJC_IMPLEMENTATIONS = YES;
				CLANG_WARN_DIRECT_OBJC_ISA_USAGE = YES_ERROR;
				CLANG_WARN_DOCUMENTATION_COMMENTS = YES;
				CLANG_WARN_EMPTY_BODY = YES;
				CLANG_WARN_ENUM_CONVERSION = YES;
				CLANG_WARN_INFINITE_RECURSION = YES;
				CLANG_WARN_INT_CONVERSION = YES;
				CLANG_WARN_NON_LITERAL_NULL_CONVERSION = YES;
				CLANG_WARN_OBJC_IMPLICIT_RETAIN_SELF = YES;
				CLANG_WARN_OBJC_LITERAL_CONVERSION = YES;
				CLANG_WARN_OBJC_ROOT_CLASS = YES_ERROR;
				CLANG_WARN_RANGE_LOOP_ANALYSIS = YES;
				CLANG_WARN_STRICT_PROTOTYPES = YES;
				CLANG_WARN_SUSPICIOUS_MOVE = YES;
				CLANG_WARN_UNGUARDED_AVAILABILITY = YES_AGGRESSIVE;
				CLANG_WARN_UNREACHABLE_CODE = YES;
				CLANG_WARN__DUPLICATE_METHOD_MATCH = YES;
				COPY_PHASE_STRIP = NO;
				DEBUG_INFORMATION_FORMAT = "dwarf-with-dsym";
				ENABLE_NS_ASSERTIONS = NO;
				ENABLE_STRICT_OBJC_MSGSEND = YES;
				GCC_C_LANGUAGE_STANDARD = gnu11;
				GCC_NO_COMMON_BLOCKS = YES;
				GCC_WARN_64_TO_32_BIT_CONVERSION = YES;
				GCC_WARN_ABOUT_RETURN_TYPE = YES_ERROR;
				GCC_WARN_UNDECLARED_SELECTOR = YES;
				GCC_WARN_UNINITIALIZED_AUTOS = YES_AGGRESSIVE;
				GCC_WARN_UNUSED_FUNCTION = YES;
				GCC_WARN_UNUSED_VARIABLE = YES;
				IPHONEOS_DEPLOYMENT_TARGET = 13.7;
				MTL_ENABLE_DEBUG_INFO = NO;
				MTL_FAST_MATH = YES;
				SDKROOT = iphoneos;
				SWIFT_COMPILATION_MODE = wholemodule;
				SWIFT_OPTIMIZATION_LEVEL = "-O";
				VALIDATE_PRODUCT = YES;
			};
			name = Release;
		};
		4C03EBC8251E296C000C1541 /* Debug */ = {
			isa = XCBuildConfiguration;
			baseConfigurationReference = F86B5E89ABBD81C2F8C69E8B /* Pods-IGClone.debug.xcconfig */;
			buildSettings = {
				ASSETCATALOG_COMPILER_APPICON_NAME = AppIcon;
				CODE_SIGN_STYLE = Automatic;
				DEVELOPMENT_TEAM = P6T48K39RQ;
				INFOPLIST_FILE = "";
				"INFOPLIST_FILE[sdk=*]" = IGClone/Resources/Info.plist;
				LD_RUNPATH_SEARCH_PATHS = (
					"$(inherited)",
					"@executable_path/Frameworks",
				);
				PRODUCT_BUNDLE_IDENTIFIER = com.modi.IGClone;
				PRODUCT_NAME = "$(TARGET_NAME)";
				SWIFT_VERSION = 5.0;
				TARGETED_DEVICE_FAMILY = "1,2";
			};
			name = Debug;
		};
		4C03EBC9251E296C000C1541 /* Release */ = {
			isa = XCBuildConfiguration;
			baseConfigurationReference = 9BA64D81D57BB28502E29D11 /* Pods-IGClone.release.xcconfig */;
			buildSettings = {
				ASSETCATALOG_COMPILER_APPICON_NAME = AppIcon;
				CODE_SIGN_STYLE = Automatic;
				DEVELOPMENT_TEAM = P6T48K39RQ;
				INFOPLIST_FILE = "";
				"INFOPLIST_FILE[sdk=*]" = IGClone/Resources/Info.plist;
				LD_RUNPATH_SEARCH_PATHS = (
					"$(inherited)",
					"@executable_path/Frameworks",
				);
				PRODUCT_BUNDLE_IDENTIFIER = com.modi.IGClone;
				PRODUCT_NAME = "$(TARGET_NAME)";
				SWIFT_VERSION = 5.0;
				TARGETED_DEVICE_FAMILY = "1,2";
			};
			name = Release;
		};
/* End XCBuildConfiguration section */

/* Begin XCConfigurationList section */
		4C03EBAB251E296B000C1541 /* Build configuration list for PBXProject "IGClone" */ = {
			isa = XCConfigurationList;
			buildConfigurations = (
				4C03EBC5251E296C000C1541 /* Debug */,
				4C03EBC6251E296C000C1541 /* Release */,
			);
			defaultConfigurationIsVisible = 0;
			defaultConfigurationName = Release;
		};
		4C03EBC7251E296C000C1541 /* Build configuration list for PBXNativeTarget "IGClone" */ = {
			isa = XCConfigurationList;
			buildConfigurations = (
				4C03EBC8251E296C000C1541 /* Debug */,
				4C03EBC9251E296C000C1541 /* Release */,
			);
			defaultConfigurationIsVisible = 0;
			defaultConfigurationName = Release;
		};
/* End XCConfigurationList section */

/* Begin XCVersionGroup section */
		4C03EBBC251E296B000C1541 /* IGClone.xcdatamodeld */ = {
			isa = XCVersionGroup;
			children = (
				4C03EBBD251E296B000C1541 /* IGClone.xcdatamodel */,
			);
			currentVersion = 4C03EBBD251E296B000C1541 /* IGClone.xcdatamodel */;
			path = IGClone.xcdatamodeld;
			sourceTree = "<group>";
			versionGroupType = wrapper.xcdatamodel;
		};
/* End XCVersionGroup section */
	};
	rootObject = 4C03EBA8251E296B000C1541 /* Project object */;
}
